// !$*UTF8*$!
{
	archiveVersion = 1;
	classes = {
	};
	objectVersion = 50;
	objects = {

/* Begin PBXBuildFile section */
		A615975B2672FFBD00064948 /* AppDelegate.swift in Sources */ = {isa = PBXBuildFile; fileRef = A615975A2672FFBD00064948 /* AppDelegate.swift */; };
		A615975D2672FFBD00064948 /* SceneDelegate.swift in Sources */ = {isa = PBXBuildFile; fileRef = A615975C2672FFBD00064948 /* SceneDelegate.swift */; };
		A615975F2672FFBD00064948 /* ViewController.swift in Sources */ = {isa = PBXBuildFile; fileRef = A615975E2672FFBD00064948 /* ViewController.swift */; };
		A61597622672FFBD00064948 /* Main.storyboard in Resources */ = {isa = PBXBuildFile; fileRef = A61597602672FFBD00064948 /* Main.storyboard */; };
		A61597642672FFBE00064948 /* Assets.xcassets in Resources */ = {isa = PBXBuildFile; fileRef = A61597632672FFBE00064948 /* Assets.xcassets */; };
		A61597672672FFBE00064948 /* LaunchScreen.storyboard in Resources */ = {isa = PBXBuildFile; fileRef = A61597652672FFBE00064948 /* LaunchScreen.storyboard */; };
		A61597722672FFBE00064948 /* Tess1Tests.swift in Sources */ = {isa = PBXBuildFile; fileRef = A61597712672FFBE00064948 /* Tess1Tests.swift */; };
		A615977D2672FFBE00064948 /* Tess1UITests.swift in Sources */ = {isa = PBXBuildFile; fileRef = A615977C2672FFBE00064948 /* Tess1UITests.swift */; };
/* End PBXBuildFile section */

/* Begin PBXContainerItemProxy section */
		A615976E2672FFBE00064948 /* PBXContainerItemProxy */ = {
			isa = PBXContainerItemProxy;
			containerPortal = A615974F2672FFBD00064948 /* Project object */;
			proxyType = 1;
			remoteGlobalIDString = A61597562672FFBD00064948;
			remoteInfo = Tess1;
		};
		A61597792672FFBE00064948 /* PBXContainerItemProxy */ = {
			isa = PBXContainerItemProxy;
			containerPortal = A615974F2672FFBD00064948 /* Project object */;
			proxyType = 1;
			remoteGlobalIDString = A61597562672FFBD00064948;
			remoteInfo = Tess1;
		};
/* End PBXContainerItemProxy section */

/* Begin PBXFileReference section */
		A61597572672FFBD00064948 /* Tess1.app */ = {isa = PBXFileReference; explicitFileType = wrapper.application; includeInIndex = 0; path = Tess1.app; sourceTree = BUILT_PRODUCTS_DIR; };
		A615975A2672FFBD00064948 /* AppDelegate.swift */ = {isa = PBXFileReference; lastKnownFileType = sourcecode.swift; path = AppDelegate.swift; sourceTree = "<group>"; };
		A615975C2672FFBD00064948 /* SceneDelegate.swift */ = {isa = PBXFileReference; lastKnownFileType = sourcecode.swift; path = SceneDelegate.swift; sourceTree = "<group>"; };
		A615975E2672FFBD00064948 /* ViewController.swift */ = {isa = PBXFileReference; lastKnownFileType = sourcecode.swift; path = ViewController.swift; sourceTree = "<group>"; };
		A61597612672FFBD00064948 /* Base */ = {isa = PBXFileReference; lastKnownFileType = file.storyboard; name = Base; path = Base.lproj/Main.storyboard; sourceTree = "<group>"; };
		A61597632672FFBE00064948 /* Assets.xcassets */ = {isa = PBXFileReference; lastKnownFileType = folder.assetcatalog; path = Assets.xcassets; sourceTree = "<group>"; };
		A61597662672FFBE00064948 /* Base */ = {isa = PBXFileReference; lastKnownFileType = file.storyboard; name = Base; path = Base.lproj/LaunchScreen.storyboard; sourceTree = "<group>"; };
		A61597682672FFBE00064948 /* Info.plist */ = {isa = PBXFileReference; lastKnownFileType = text.plist.xml; path = Info.plist; sourceTree = "<group>"; };
		A615976D2672FFBE00064948 /* Tess1Tests.xctest */ = {isa = PBXFileReference; explicitFileType = wrapper.cfbundle; includeInIndex = 0; path = Tess1Tests.xctest; sourceTree = BUILT_PRODUCTS_DIR; };
		A61597712672FFBE00064948 /* Tess1Tests.swift */ = {isa = PBXFileReference; lastKnownFileType = sourcecode.swift; path = Tess1Tests.swift; sourceTree = "<group>"; };
		A61597732672FFBE00064948 /* Info.plist */ = {isa = PBXFileReference; lastKnownFileType = text.plist.xml; path = Info.plist; sourceTree = "<group>"; };
		A61597782672FFBE00064948 /* Tess1UITests.xctest */ = {isa = PBXFileReference; explicitFileType = wrapper.cfbundle; includeInIndex = 0; path = Tess1UITests.xctest; sourceTree = BUILT_PRODUCTS_DIR; };
		A615977C2672FFBE00064948 /* Tess1UITests.swift */ = {isa = PBXFileReference; lastKnownFileType = sourcecode.swift; path = Tess1UITests.swift; sourceTree = "<group>"; };
		A615977E2672FFBE00064948 /* Info.plist */ = {isa = PBXFileReference; lastKnownFileType = text.plist.xml; path = Info.plist; sourceTree = "<group>"; };
/* End PBXFileReference section */

/* Begin PBXFrameworksBuildPhase section */
		A61597542672FFBD00064948 /* Frameworks */ = {
			isa = PBXFrameworksBuildPhase;
			buildActionMask = 2147483647;
			files = (
			);
			runOnlyForDeploymentPostprocessing = 0;
		};
		A615976A2672FFBE00064948 /* Frameworks */ = {
			isa = PBXFrameworksBuildPhase;
			buildActionMask = 2147483647;
			files = (
			);
			runOnlyForDeploymentPostprocessing = 0;
		};
		A61597752672FFBE00064948 /* Frameworks */ = {
			isa = PBXFrameworksBuildPhase;
			buildActionMask = 2147483647;
			files = (
			);
			runOnlyForDeploymentPostprocessing = 0;
		};
/* End PBXFrameworksBuildPhase section */

/* Begin PBXGroup section */
		A615974E2672FFBD00064948 = {
			isa = PBXGroup;
			children = (
				A61597592672FFBD00064948 /* Tess1 */,
				A61597702672FFBE00064948 /* Tess1Tests */,
				A615977B2672FFBE00064948 /* Tess1UITests */,
				A61597582672FFBD00064948 /* Products */,
			);
			sourceTree = "<group>";
		};
		A61597582672FFBD00064948 /* Products */ = {
			isa = PBXGroup;
			children = (
				A61597572672FFBD00064948 /* Tess1.app */,
				A615976D2672FFBE00064948 /* Tess1Tests.xctest */,
				A61597782672FFBE00064948 /* Tess1UITests.xctest */,
			);
			name = Products;
			sourceTree = "<group>";
		};
		A61597592672FFBD00064948 /* Tess1 */ = {
			isa = PBXGroup;
			children = (
				A615975A2672FFBD00064948 /* AppDelegate.swift */,
				A615975C2672FFBD00064948 /* SceneDelegate.swift */,
				A615975E2672FFBD00064948 /* ViewController.swift */,
				A61597602672FFBD00064948 /* Main.storyboard */,
				A61597632672FFBE00064948 /* Assets.xcassets */,
				A61597652672FFBE00064948 /* LaunchScreen.storyboard */,
				A61597682672FFBE00064948 /* Info.plist */,
			);
			path = Tess1;
			sourceTree = "<group>";
		};
		A61597702672FFBE00064948 /* Tess1Tests */ = {
			isa = PBXGroup;
			children = (
				A61597712672FFBE00064948 /* Tess1Tests.swift */,
				A61597732672FFBE00064948 /* Info.plist */,
			);
			path = Tess1Tests;
			sourceTree = "<group>";
		};
		A615977B2672FFBE00064948 /* Tess1UITests */ = {
			isa = PBXGroup;
			children = (
				A615977C2672FFBE00064948 /* Tess1UITests.swift */,
				A615977E2672FFBE00064948 /* Info.plist */,
			);
			path = Tess1UITests;
			sourceTree = "<group>";
		};
/* End PBXGroup section */

/* Begin PBXNativeTarget section */
		A61597562672FFBD00064948 /* Tess1 */ = {
			isa = PBXNativeTarget;
			buildConfigurationList = A61597812672FFBE00064948 /* Build configuration list for PBXNativeTarget "Tess1" */;
			buildPhases = (
				A61597532672FFBD00064948 /* Sources */,
				A61597542672FFBD00064948 /* Frameworks */,
				A61597552672FFBD00064948 /* Resources */,
			);
			buildRules = (
			);
			dependencies = (
			);
			name = Tess1;
			productName = Tess1;
			productReference = A61597572672FFBD00064948 /* Tess1.app */;
			productType = "com.apple.product-type.application";
		};
		A615976C2672FFBE00064948 /* Tess1Tests */ = {
			isa = PBXNativeTarget;
			buildConfigurationList = A61597842672FFBE00064948 /* Build configuration list for PBXNativeTarget "Tess1Tests" */;
			buildPhases = (
				A61597692672FFBE00064948 /* Sources */,
				A615976A2672FFBE00064948 /* Frameworks */,
				A615976B2672FFBE00064948 /* Resources */,
			);
			buildRules = (
			);
			dependencies = (
				A615976F2672FFBE00064948 /* PBXTargetDependency */,
			);
			name = Tess1Tests;
			productName = Tess1Tests;
			productReference = A615976D2672FFBE00064948 /* Tess1Tests.xctest */;
			productType = "com.apple.product-type.bundle.unit-test";
		};
		A61597772672FFBE00064948 /* Tess1UITests */ = {
			isa = PBXNativeTarget;
			buildConfigurationList = A61597872672FFBE00064948 /* Build configuration list for PBXNativeTarget "Tess1UITests" */;
			buildPhases = (
				A61597742672FFBE00064948 /* Sources */,
				A61597752672FFBE00064948 /* Frameworks */,
				A61597762672FFBE00064948 /* Resources */,
			);
			buildRules = (
			);
			dependencies = (
				A615977A2672FFBE00064948 /* PBXTargetDependency */,
			);
			name = Tess1UITests;
			productName = Tess1UITests;
			productReference = A61597782672FFBE00064948 /* Tess1UITests.xctest */;
			productType = "com.apple.product-type.bundle.ui-testing";
		};
/* End PBXNativeTarget section */

/* Begin PBXProject section */
		A615974F2672FFBD00064948 /* Project object */ = {
			isa = PBXProject;
			attributes = {
				LastSwiftUpdateCheck = 1250;
				LastUpgradeCheck = 1250;
				TargetAttributes = {
					A61597562672FFBD00064948 = {
						CreatedOnToolsVersion = 12.5;
					};
					A615976C2672FFBE00064948 = {
						CreatedOnToolsVersion = 12.5;
						TestTargetID = A61597562672FFBD00064948;
					};
					A61597772672FFBE00064948 = {
						CreatedOnToolsVersion = 12.5;
						TestTargetID = A61597562672FFBD00064948;
					};
				};
			};
			buildConfigurationList = A61597522672FFBD00064948 /* Build configuration list for PBXProject "Tess1" */;
			compatibilityVersion = "Xcode 9.3";
			developmentRegion = en;
			hasScannedForEncodings = 0;
			knownRegions = (
				en,
				Base,
			);
			mainGroup = A615974E2672FFBD00064948;
			productRefGroup = A61597582672FFBD00064948 /* Products */;
			projectDirPath = "";
			projectRoot = "";
			targets = (
				A61597562672FFBD00064948 /* Tess1 */,
				A615976C2672FFBE00064948 /* Tess1Tests */,
				A61597772672FFBE00064948 /* Tess1UITests */,
			);
		};
/* End PBXProject section */

/* Begin PBXResourcesBuildPhase section */
		A61597552672FFBD00064948 /* Resources */ = {
			isa = PBXResourcesBuildPhase;
			buildActionMask = 2147483647;
			files = (
				A61597672672FFBE00064948 /* LaunchScreen.storyboard in Resources */,
				A61597642672FFBE00064948 /* Assets.xcassets in Resources */,
				A61597622672FFBD00064948 /* Main.storyboard in Resources */,
			);
			runOnlyForDeploymentPostprocessing = 0;
		};
		A615976B2672FFBE00064948 /* Resources */ = {
			isa = PBXResourcesBuildPhase;
			buildActionMask = 2147483647;
			files = (
			);
			runOnlyForDeploymentPostprocessing = 0;
		};
		A61597762672FFBE00064948 /* Resources */ = {
			isa = PBXResourcesBuildPhase;
			buildActionMask = 2147483647;
			files = (
			);
			runOnlyForDeploymentPostprocessing = 0;
		};
/* End PBXResourcesBuildPhase section */

/* Begin PBXSourcesBuildPhase section */
		A61597532672FFBD00064948 /* Sources */ = {
			isa = PBXSourcesBuildPhase;
			buildActionMask = 2147483647;
			files = (
				A615975F2672FFBD00064948 /* ViewController.swift in Sources */,
				A615975B2672FFBD00064948 /* AppDelegate.swift in Sources */,
				A615975D2672FFBD00064948 /* SceneDelegate.swift in Sources */,
			);
			runOnlyForDeploymentPostprocessing = 0;
		};
		A61597692672FFBE00064948 /* Sources */ = {
			isa = PBXSourcesBuildPhase;
			buildActionMask = 2147483647;
			files = (
				A61597722672FFBE00064948 /* Tess1Tests.swift in Sources */,
			);
			runOnlyForDeploymentPostprocessing = 0;
		};
		A61597742672FFBE00064948 /* Sources */ = {
			isa = PBXSourcesBuildPhase;
			buildActionMask = 2147483647;
			files = (
				A615977D2672FFBE00064948 /* Tess1UITests.swift in Sources */,
			);
			runOnlyForDeploymentPostprocessing = 0;
		};
/* End PBXSourcesBuildPhase section */

/* Begin PBXTargetDependency section */
		A615976F2672FFBE00064948 /* PBXTargetDependency */ = {
			isa = PBXTargetDependency;
			target = A61597562672FFBD00064948 /* Tess1 */;
			targetProxy = A615976E2672FFBE00064948 /* PBXContainerItemProxy */;
		};
		A615977A2672FFBE00064948 /* PBXTargetDependency */ = {
			isa = PBXTargetDependency;
			target = A61597562672FFBD00064948 /* Tess1 */;
			targetProxy = A61597792672FFBE00064948 /* PBXContainerItemProxy */;
		};
/* End PBXTargetDependency section */

/* Begin PBXVariantGroup section */
		A61597602672FFBD00064948 /* Main.storyboard */ = {
			isa = PBXVariantGroup;
			children = (
				A61597612672FFBD00064948 /* Base */,
			);
			name = Main.storyboard;
			sourceTree = "<group>";
		};
		A61597652672FFBE00064948 /* LaunchScreen.storyboard */ = {
			isa = PBXVariantGroup;
			children = (
				A61597662672FFBE00064948 /* Base */,
			);
			name = LaunchScreen.storyboard;
			sourceTree = "<group>";
		};
/* End PBXVariantGroup section */

/* Begin XCBuildConfiguration section */
		A615977F2672FFBE00064948 /* Debug */ = {
			isa = XCBuildConfiguration;
			buildSettings = {
				ALWAYS_SEARCH_USER_PATHS = NO;
				CLANG_ANALYZER_NONNULL = YES;
				CLANG_ANALYZER_NUMBER_OBJECT_CONVERSION = YES_AGGRESSIVE;
				CLANG_CXX_LANGUAGE_STANDARD = "gnu++14";
				CLANG_CXX_LIBRARY = "libc++";
				CLANG_ENABLE_MODULES = YES;
				CLANG_ENABLE_OBJC_ARC = YES;
				CLANG_ENABLE_OBJC_WEAK = YES;
				CLANG_WARN_BLOCK_CAPTURE_AUTORELEASING = YES;
				CLANG_WARN_BOOL_CONVERSION = YES;
				CLANG_WARN_COMMA = YES;
				CLANG_WARN_CONSTANT_CONVERSION = YES;
				CLANG_WARN_DEPRECATED_OBJC_IMPLEMENTATIONS = YES;
				CLANG_WARN_DIRECT_OBJC_ISA_USAGE = YES_ERROR;
				CLANG_WARN_DOCUMENTATION_COMMENTS = YES;
				CLANG_WARN_EMPTY_BODY = YES;
				CLANG_WARN_ENUM_CONVERSION = YES;
				CLANG_WARN_INFINITE_RECURSION = YES;
				CLANG_WARN_INT_CONVERSION = YES;
				CLANG_WARN_NON_LITERAL_NULL_CONVERSION = YES;
				CLANG_WARN_OBJC_IMPLICIT_RETAIN_SELF = YES;
				CLANG_WARN_OBJC_LITERAL_CONVERSION = YES;
				CLANG_WARN_OBJC_ROOT_CLASS = YES_ERROR;
				CLANG_WARN_QUOTED_INCLUDE_IN_FRAMEWORK_HEADER = YES;
				CLANG_WARN_RANGE_LOOP_ANALYSIS = YES;
				CLANG_WARN_STRICT_PROTOTYPES = YES;
				CLANG_WARN_SUSPICIOUS_MOVE = YES;
				CLANG_WARN_UNGUARDED_AVAILABILITY = YES_AGGRESSIVE;
				CLANG_WARN_UNREACHABLE_CODE = YES;
				CLANG_WARN__DUPLICATE_METHOD_MATCH = YES;
				COPY_PHASE_STRIP = NO;
				DEBUG_INFORMATION_FORMAT = dwarf;
				ENABLE_STRICT_OBJC_MSGSEND = YES;
				ENABLE_TESTABILITY = YES;
				GCC_C_LANGUAGE_STANDARD = gnu11;
				GCC_DYNAMIC_NO_PIC = NO;
				GCC_NO_COMMON_BLOCKS = YES;
				GCC_OPTIMIZATION_LEVEL = 0;
				GCC_PREPROCESSOR_DEFINITIONS = (
					"DEBUG=1",
					"$(inherited)",
				);
				GCC_WARN_64_TO_32_BIT_CONVERSION = YES;
				GCC_WARN_ABOUT_RETURN_TYPE = YES_ERROR;
				GCC_WARN_UNDECLARED_SELECTOR = YES;
				GCC_WARN_UNINITIALIZED_AUTOS = YES_AGGRESSIVE;
				GCC_WARN_UNUSED_FUNCTION = YES;
				GCC_WARN_UNUSED_VARIABLE = YES;
				IPHONEOS_DEPLOYMENT_TARGET = 14.5;
				MTL_ENABLE_DEBUG_INFO = INCLUDE_SOURCE;
				MTL_FAST_MATH = YES;
				ONLY_ACTIVE_ARCH = YES;
				SDKROOT = iphoneos;
				SWIFT_ACTIVE_COMPILATION_CONDITIONS = DEBUG;
				SWIFT_OPTIMIZATION_LEVEL = "-Onone";
			};
			name = Debug;
		};
		A61597802672FFBE00064948 /* Release */ = {
			isa = XCBuildConfiguration;
			buildSettings = {
				ALWAYS_SEARCH_USER_PATHS = NO;
				CLANG_ANALYZER_NONNULL = YES;
				CLANG_ANALYZER_NUMBER_OBJECT_CONVERSION = YES_AGGRESSIVE;
				CLANG_CXX_LANGUAGE_STANDARD = "gnu++14";
				CLANG_CXX_LIBRARY = "libc++";
				CLANG_ENABLE_MODULES = YES;
				CLANG_ENABLE_OBJC_ARC = YES;
				CLANG_ENABLE_OBJC_WEAK = YES;
				CLANG_WARN_BLOCK_CAPTURE_AUTORELEASING = YES;
				CLANG_WARN_BOOL_CONVERSION = YES;
				CLANG_WARN_COMMA = YES;
				CLANG_WARN_CONSTANT_CONVERSION = YES;
				CLANG_WARN_DEPRECATED_OBJC_IMPLEMENTATIONS = YES;
				CLANG_WARN_DIRECT_OBJC_ISA_USAGE = YES_ERROR;
				CLANG_WARN_DOCUMENTATION_COMMENTS = YES;
				CLANG_WARN_EMPTY_BODY = YES;
				CLANG_WARN_ENUM_CONVERSION = YES;
				CLANG_WARN_INFINITE_RECURSION = YES;
				CLANG_WARN_INT_CONVERSION = YES;
				CLANG_WARN_NON_LITERAL_NULL_CONVERSION = YES;
				CLANG_WARN_OBJC_IMPLICIT_RETAIN_SELF = YES;
				CLANG_WARN_OBJC_LITERAL_CONVERSION = YES;
				CLANG_WARN_OBJC_ROOT_CLASS = YES_ERROR;
				CLANG_WARN_QUOTED_INCLUDE_IN_FRAMEWORK_HEADER = YES;
				CLANG_WARN_RANGE_LOOP_ANALYSIS = YES;
				CLANG_WARN_STRICT_PROTOTYPES = YES;
				CLANG_WARN_SUSPICIOUS_MOVE = YES;
				CLANG_WARN_UNGUARDED_AVAILABILITY = YES_AGGRESSIVE;
				CLANG_WARN_UNREACHABLE_CODE = YES;
				CLANG_WARN__DUPLICATE_METHOD_MATCH = YES;
				COPY_PHASE_STRIP = NO;
				DEBUG_INFORMATION_FORMAT = "dwarf-with-dsym";
				ENABLE_NS_ASSERTIONS = NO;
				ENABLE_STRICT_OBJC_MSGSEND = YES;
				GCC_C_LANGUAGE_STANDARD = gnu11;
				GCC_NO_COMMON_BLOCKS = YES;
				GCC_WARN_64_TO_32_BIT_CONVERSION = YES;
				GCC_WARN_ABOUT_RETURN_TYPE = YES_ERROR;
				GCC_WARN_UNDECLARED_SELECTOR = YES;
				GCC_WARN_UNINITIALIZED_AUTOS = YES_AGGRESSIVE;
				GCC_WARN_UNUSED_FUNCTION = YES;
				GCC_WARN_UNUSED_VARIABLE = YES;
				IPHONEOS_DEPLOYMENT_TARGET = 14.5;
				MTL_ENABLE_DEBUG_INFO = NO;
				MTL_FAST_MATH = YES;
				SDKROOT = iphoneos;
				SWIFT_COMPILATION_MODE = wholemodule;
				SWIFT_OPTIMIZATION_LEVEL = "-O";
				VALIDATE_PRODUCT = YES;
			};
			name = Release;
		};
		A61597822672FFBE00064948 /* Debug */ = {
			isa = XCBuildConfiguration;
			buildSettings = {
				ASSETCATALOG_COMPILER_APPICON_NAME = AppIcon;
				ASSETCATALOG_COMPILER_GLOBAL_ACCENT_COLOR_NAME = AccentColor;
				CODE_SIGN_STYLE = Automatic;
				DEVELOPMENT_TEAM = MW556KR678;
				INFOPLIST_FILE = Tess1/Info.plist;
				LD_RUNPATH_SEARCH_PATHS = (
					"$(inherited)",
					"@executable_path/Frameworks",
				);
				PRODUCT_BUNDLE_IDENTIFIER = JsL.Tess1;
				PRODUCT_NAME = "$(TARGET_NAME)";
				SWIFT_VERSION = 5.0;
				TARGETED_DEVICE_FAMILY = "1,2";
			};
			name = Debug;
		};
		A61597832672FFBE00064948 /* Release */ = {
			isa = XCBuildConfiguration;
			buildSettings = {
				ASSETCATALOG_COMPILER_APPICON_NAME = AppIcon;
				ASSETCATALOG_COMPILER_GLOBAL_ACCENT_COLOR_NAME = AccentColor;
				CODE_SIGN_STYLE = Automatic;
				DEVELOPMENT_TEAM = MW556KR678;
				INFOPLIST_FILE = Tess1/Info.plist;
				LD_RUNPATH_SEARCH_PATHS = (
					"$(inherited)",
					"@executable_path/Frameworks",
				);
				PRODUCT_BUNDLE_IDENTIFIER = JsL.Tess1;
				PRODUCT_NAME = "$(TARGET_NAME)";
				SWIFT_VERSION = 5.0;
				TARGETED_DEVICE_FAMILY = "1,2";
			};
			name = Release;
		};
		A61597852672FFBE00064948 /* Debug */ = {
			isa = XCBuildConfiguration;
			buildSettings = {
				ALWAYS_EMBED_SWIFT_STANDARD_LIBRARIES = YES;
				BUNDLE_LOADER = "$(TEST_HOST)";
				CODE_SIGN_STYLE = Automatic;
				DEVELOPMENT_TEAM = MW556KR678;
				INFOPLIST_FILE = Tess1Tests/Info.plist;
				IPHONEOS_DEPLOYMENT_TARGET = 14.5;
				LD_RUNPATH_SEARCH_PATHS = (
					"$(inherited)",
					"@executable_path/Frameworks",
					"@loader_path/Frameworks",
				);
				PRODUCT_BUNDLE_IDENTIFIER = JsL.Tess1Tests;
				PRODUCT_NAME = "$(TARGET_NAME)";
				SWIFT_VERSION = 5.0;
				TARGETED_DEVICE_FAMILY = "1,2";
				TEST_HOST = "$(BUILT_PRODUCTS_DIR)/Tess1.app/Tess1";
			};
			name = Debug;
		};
		A61597862672FFBE00064948 /* Release */ = {
			isa = XCBuildConfiguration;
			buildSettings = {
				ALWAYS_EMBED_SWIFT_STANDARD_LIBRARIES = YES;
				BUNDLE_LOADER = "$(TEST_HOST)";
				CODE_SIGN_STYLE = Automatic;
				DEVELOPMENT_TEAM = MW556KR678;
				INFOPLIST_FILE = Tess1Tests/Info.plist;
				IPHONEOS_DEPLOYMENT_TARGET = 14.5;
				LD_RUNPATH_SEARCH_PATHS = (
					"$(inherited)",
					"@executable_path/Frameworks",
					"@loader_path/Frameworks",
				);
				PRODUCT_BUNDLE_IDENTIFIER = JsL.Tess1Tests;
				PRODUCT_NAME = "$(TARGET_NAME)";
				SWIFT_VERSION = 5.0;
				TARGETED_DEVICE_FAMILY = "1,2";
				TEST_HOST = "$(BUILT_PRODUCTS_DIR)/Tess1.app/Tess1";
			};
			name = Release;
		};
		A61597882672FFBE00064948 /* Debug */ = {
			isa = XCBuildConfiguration;
			buildSettings = {
				ALWAYS_EMBED_SWIFT_STANDARD_LIBRARIES = YES;
				CODE_SIGN_STYLE = Automatic;
				DEVELOPMENT_TEAM = MW556KR678;
				INFOPLIST_FILE = Tess1UITests/Info.plist;
				LD_RUNPATH_SEARCH_PATHS = (
					"$(inherited)",
					"@executable_path/Frameworks",
					"@loader_path/Frameworks",
				);
				PRODUCT_BUNDLE_IDENTIFIER = JsL.Tess1UITests;
				PRODUCT_NAME = "$(TARGET_NAME)";
				SWIFT_VERSION = 5.0;
				TARGETED_DEVICE_FAMILY = "1,2";
				TEST_TARGET_NAME = Tess1;
			};
			name = Debug;
		};
		A61597892672FFBE00064948 /* Release */ = {
			isa = XCBuildConfiguration;
			buildSettings = {
				ALWAYS_EMBED_SWIFT_STANDARD_LIBRARIES = YES;
				CODE_SIGN_STYLE = Automatic;
				DEVELOPMENT_TEAM = MW556KR678;
				INFOPLIST_FILE = Tess1UITests/Info.plist;
				LD_RUNPATH_SEARCH_PATHS = (
					"$(inherited)",
					"@executable_path/Frameworks",
					"@loader_path/Frameworks",
				);
				PRODUCT_BUNDLE_IDENTIFIER = JsL.Tess1UITests;
				PRODUCT_NAME = "$(TARGET_NAME)";
				SWIFT_VERSION = 5.0;
				TARGETED_DEVICE_FAMILY = "1,2";
				TEST_TARGET_NAME = Tess1;
			};
			name = Release;
		};
/* End XCBuildConfiguration section */

/* Begin XCConfigurationList section */
		A61597522672FFBD00064948 /* Build configuration list for PBXProject "Tess1" */ = {
			isa = XCConfigurationList;
			buildConfigurations = (
				A615977F2672FFBE00064948 /* Debug */,
				A61597802672FFBE00064948 /* Release */,
			);
			defaultConfigurationIsVisible = 0;
			defaultConfigurationName = Release;
		};
		A61597812672FFBE00064948 /* Build configuration list for PBXNativeTarget "Tess1" */ = {
			isa = XCConfigurationList;
			buildConfigurations = (
				A61597822672FFBE00064948 /* Debug */,
				A61597832672FFBE00064948 /* Release */,
			);
			defaultConfigurationIsVisible = 0;
			defaultConfigurationName = Release;
		};
		A61597842672FFBE00064948 /* Build configuration list for PBXNativeTarget "Tess1Tests" */ = {
			isa = XCConfigurationList;
			buildConfigurations = (
				A61597852672FFBE00064948 /* Debug */,
				A61597862672FFBE00064948 /* Release */,
			);
			defaultConfigurationIsVisible = 0;
			defaultConfigurationName = Release;
		};
		A61597872672FFBE00064948 /* Build configuration list for PBXNativeTarget "Tess1UITests" */ = {
			isa = XCConfigurationList;
			buildConfigurations = (
				A61597882672FFBE00064948 /* Debug */,
				A61597892672FFBE00064948 /* Release */,
			);
			defaultConfigurationIsVisible = 0;
			defaultConfigurationName = Release;
		};
/* End XCConfigurationList section */
	};
	rootObject = A615974F2672FFBD00064948 /* Project object */;
}
